// !$*UTF8*$!
{
	archiveVersion = 1;
	classes = {
	};
	objectVersion = 77;
	objects = {

/* Begin PBXGroup section */
		4BEFC97D2E201B2B001879ED = {
			isa = PBXGroup;
			children = (
			);
			sourceTree = "<group>";
		};
/* End PBXGroup section */

/* Begin PBXProject section */
		4BEFC97E2E201B2B001879ED /* Project object */ = {
			isa = PBXProject;
			attributes = {
				BuildIndependentTargetsInParallel = 1;
				LastUpgradeCheck = 1640;
			};
			buildConfigurationList = 4BEFC9812E201B2B001879ED /* Build configuration list for PBXProject "NacionalidadEspanola" */;
			developmentRegion = en;
			hasScannedForEncodings = 0;
			knownRegions = (
				en,
				Base,
			);
			mainGroup = 4BEFC97D2E201B2B001879ED;
			minimizedProjectReferenceProxies = 1;
			preferredProjectObjectVersion = 77;
			projectDirPath = "";
			projectRoot = "";
			targets = (
			);
		};
/* End PBXProject section */

/* Begin XCBuildConfiguration section */
		4BEFC9822E201B2B001879ED /* Debug */ = {
			isa = XCBuildConfiguration;
			buildSettings = {
				DEVELOPMENT_TEAM = BU9D3D5225;
			};
			name = Debug;
		};
		4BEFC9832E201B2B001879ED /* Release */ = {
			isa = XCBuildConfiguration;
			buildSettings = {
				DEVELOPMENT_TEAM = BU9D3D5225;
			};
			name = Release;
		};
/* End XCBuildConfiguration section */

/* Begin XCConfigurationList section */
		4BEFC9812E201B2B001879ED /* Build configuration list for PBXProject "NacionalidadEspanola" */ = {
			isa = XCConfigurationList;
			buildConfigurations = (
				4BEFC9822E201B2B001879ED /* Debug */,
				4BEFC9832E201B2B001879ED /* Release */,
			);
			defaultConfigurationIsVisible = 0;
			defaultConfigurationName = Release;
		};
/* End XCConfigurationList section */
	};
	rootObject = 4BEFC97E2E201B2B001879ED /* Project object */;
}
